
Microsoft Visual Studio Solution File, Format Version 12.00
# Visual Studio Version 17
VisualStudioVersion = 17.8.34330.188
MinimumVisualStudioVersion = 10.0.40219.1
Project("{9A19103F-16F7-4668-BE54-9A1E7A4F7556}") = "Economy", "Economy\Economy.csproj", "{7B34392E-DD69-4351-BA62-BDEF684B4DEF}"
EndProject
Project("{FAE04EC0-301F-11D3-BF4B-00C04F79EFBC}") = "Dotm", "Dotm\Dotm.csproj", "{BB9ACE9B-28DB-403A-829E-85C0C99E2788}"
EndProject
Global
	GlobalSection(SolutionConfigurationPlatforms) = preSolution
		Debug|Any CPU = Debug|Any CPU
		Release|Any CPU = Release|Any CPU
	EndGlobalSection
	GlobalSection(ProjectConfigurationPlatforms) = postSolution
		{7B34392E-DD69-4351-BA62-BDEF684B4DEF}.Debug|Any CPU.ActiveCfg = Debug|Any CPU
		{7B34392E-DD69-4351-BA62-BDEF684B4DEF}.Debug|Any CPU.Build.0 = Debug|Any CPU
		{7B34392E-DD69-4351-BA62-BDEF684B4DEF}.Release|Any CPU.ActiveCfg = Release|Any CPU
		{7B34392E-DD69-4351-BA62-BDEF684B4DEF}.Release|Any CPU.Build.0 = Release|Any CPU
		{BB9ACE9B-28DB-403A-829E-85C0C99E2788}.Debug|Any CPU.ActiveCfg = Debug|Any CPU
		{BB9ACE9B-28DB-403A-829E-85C0C99E2788}.Debug|Any CPU.Build.0 = Debug|Any CPU
		{BB9ACE9B-28DB-403A-829E-85C0C99E2788}.Release|Any CPU.ActiveCfg = Release|Any CPU
		{BB9ACE9B-28DB-403A-829E-85C0C99E2788}.Release|Any CPU.Build.0 = Release|Any CPU
	EndGlobalSection
	GlobalSection(SolutionProperties) = preSolution
		HideSolutionNode = FALSE
	EndGlobalSection
	GlobalSection(ExtensibilityGlobals) = postSolution
		SolutionGuid = {18D39C32-3502-4FF1-AD8F-E971D24C0FC3}
	EndGlobalSection
EndGlobal
